
Microsoft Visual Studio Solution File, Format Version 12.00
# Visual Studio Version 17
VisualStudioVersion = 17.8.34322.80
MinimumVisualStudioVersion = 10.0.40219.1
Project("{8BC9CEB8-8B4A-11D0-8D11-00A0C91BC942}") = "MultiHack", "MultiHack.vcxproj", "{FD3906DA-2728-437A-84C5-03C585CD4045}"
EndProject
Global
	GlobalSection(SolutionConfigurationPlatforms) = preSolution
		Debug|x64 = Debug|x64
		Debug|x86 = Debug|x86
		Release|x64 = Release|x64
		Release|x86 = Release|x86
	EndGlobalSection
	GlobalSection(ProjectConfigurationPlatforms) = postSolution
		{FD3906DA-2728-437A-84C5-03C585CD4045}.Debug|x64.ActiveCfg = Debug|x64
		{FD3906DA-2728-437A-84C5-03C585CD4045}.Debug|x64.Build.0 = Debug|x64
		{FD3906DA-2728-437A-84C5-03C585CD4045}.Debug|x86.ActiveCfg = Debug|Win32
		{FD3906DA-2728-437A-84C5-03C585CD4045}.Debug|x86.Build.0 = Debug|Win32
		{FD3906DA-2728-437A-84C5-03C585CD4045}.Release|x64.ActiveCfg = Release|x64
		{FD3906DA-2728-437A-84C5-03C585CD4045}.Release|x64.Build.0 = Release|x64
		{FD3906DA-2728-437A-84C5-03C585CD4045}.Release|x86.ActiveCfg = Release|Win32
		{FD3906DA-2728-437A-84C5-03C585CD4045}.Release|x86.Build.0 = Release|Win32
	EndGlobalSection
	GlobalSection(SolutionProperties) = preSolution
		HideSolutionNode = FALSE
	EndGlobalSection
	GlobalSection(ExtensibilityGlobals) = postSolution
		SolutionGuid = {1EF90702-9406-48AC-B088-8261958E826A}
	EndGlobalSection
EndGlobal
